
Microsoft Visual Studio Solution File, Format Version 12.00
# Visual Studio 15
VisualStudioVersion = 15.0.27130.0
MinimumVisualStudioVersion = 10.0.40219.1
Project("{FAE04EC0-301F-11D3-BF4B-00C04F79EFBC}") = "Bowling", "Bowling\Bowling.csproj", "{30F58EA4-6B7C-490F-B66E-6DBAEBD5B032}"
EndProject
Project("{FAE04EC0-301F-11D3-BF4B-00C04F79EFBC}") = "BowlingTests", "BowlingTests\BowlingTests.csproj", "{DAD4E6A4-C2AB-49CC-8C11-A57C563B9F1D}"
EndProject
Global
	GlobalSection(SolutionConfigurationPlatforms) = preSolution
		Debug|Any CPU = Debug|Any CPU
		Release|Any CPU = Release|Any CPU
	EndGlobalSection
	GlobalSection(ProjectConfigurationPlatforms) = postSolution
		{30F58EA4-6B7C-490F-B66E-6DBAEBD5B032}.Debug|Any CPU.ActiveCfg = Debug|Any CPU
		{30F58EA4-6B7C-490F-B66E-6DBAEBD5B032}.Debug|Any CPU.Build.0 = Debug|Any CPU
		{30F58EA4-6B7C-490F-B66E-6DBAEBD5B032}.Release|Any CPU.ActiveCfg = Release|Any CPU
		{30F58EA4-6B7C-490F-B66E-6DBAEBD5B032}.Release|Any CPU.Build.0 = Release|Any CPU
		{DAD4E6A4-C2AB-49CC-8C11-A57C563B9F1D}.Debug|Any CPU.ActiveCfg = Debug|Any CPU
		{DAD4E6A4-C2AB-49CC-8C11-A57C563B9F1D}.Debug|Any CPU.Build.0 = Debug|Any CPU
		{DAD4E6A4-C2AB-49CC-8C11-A57C563B9F1D}.Release|Any CPU.ActiveCfg = Release|Any CPU
		{DAD4E6A4-C2AB-49CC-8C11-A57C563B9F1D}.Release|Any CPU.Build.0 = Release|Any CPU
	EndGlobalSection
	GlobalSection(SolutionProperties) = preSolution
		HideSolutionNode = FALSE
	EndGlobalSection
	GlobalSection(ExtensibilityGlobals) = postSolution
		SolutionGuid = {EBFC0690-8E9C-471D-BCCF-91B14FF938A1}
	EndGlobalSection
EndGlobal
